// !$*UTF8*$!
{
	archiveVersion = 1;
	classes = {
	};
	objectVersion = 50;
	objects = {

/* Begin PBXBuildFile section */
		0416A189221077AC002DDF4D /* PageMaster.framework in Frameworks */ = {isa = PBXBuildFile; fileRef = 0416A18222106CB3002DDF4D /* PageMaster.framework */; };
		0416A18A221077AC002DDF4D /* PageMaster.framework in Embed Frameworks */ = {isa = PBXBuildFile; fileRef = 0416A18222106CB3002DDF4D /* PageMaster.framework */; settings = {ATTRIBUTES = (CodeSignOnCopy, RemoveHeadersOnCopy, ); }; };
		04765E2F220EAAFF000AC346 /* AppDelegate.swift in Sources */ = {isa = PBXBuildFile; fileRef = 04765E2E220EAAFF000AC346 /* AppDelegate.swift */; };
		04765E31220EAAFF000AC346 /* ViewController.swift in Sources */ = {isa = PBXBuildFile; fileRef = 04765E30220EAAFF000AC346 /* ViewController.swift */; };
		04765E34220EAAFF000AC346 /* Main.storyboard in Resources */ = {isa = PBXBuildFile; fileRef = 04765E32220EAAFF000AC346 /* Main.storyboard */; };
		04765E36220EAB01000AC346 /* Assets.xcassets in Resources */ = {isa = PBXBuildFile; fileRef = 04765E35220EAB01000AC346 /* Assets.xcassets */; };
		04765E39220EAB01000AC346 /* LaunchScreen.storyboard in Resources */ = {isa = PBXBuildFile; fileRef = 04765E37220EAB01000AC346 /* LaunchScreen.storyboard */; };
		04765E44220EAB01000AC346 /* DemoTests.swift in Sources */ = {isa = PBXBuildFile; fileRef = 04765E43220EAB01000AC346 /* DemoTests.swift */; };
		04765E4F220EAB02000AC346 /* DemoUITests.swift in Sources */ = {isa = PBXBuildFile; fileRef = 04765E4E220EAB02000AC346 /* DemoUITests.swift */; };
		04765E78220EB0CC000AC346 /* UIView+.swift in Sources */ = {isa = PBXBuildFile; fileRef = 04765E77220EB0CC000AC346 /* UIView+.swift */; };
/* End PBXBuildFile section */

/* Begin PBXContainerItemProxy section */
		0416A18122106CB3002DDF4D /* PBXContainerItemProxy */ = {
			isa = PBXContainerItemProxy;
			containerPortal = 04765E65220EAB4B000AC346 /* PageMaster.xcodeproj */;
			proxyType = 2;
			remoteGlobalIDString = 04765E08220EAAE2000AC346;
			remoteInfo = PageMaster;
		};
		0416A18322106CB3002DDF4D /* PBXContainerItemProxy */ = {
			isa = PBXContainerItemProxy;
			containerPortal = 04765E65220EAB4B000AC346 /* PageMaster.xcodeproj */;
			proxyType = 2;
			remoteGlobalIDString = 04765E11220EAAE2000AC346;
			remoteInfo = PageMasterTests;
		};
		0416A18B221077AC002DDF4D /* PBXContainerItemProxy */ = {
			isa = PBXContainerItemProxy;
			containerPortal = 04765E65220EAB4B000AC346 /* PageMaster.xcodeproj */;
			proxyType = 1;
			remoteGlobalIDString = 04765E07220EAAE2000AC346;
			remoteInfo = PageMaster;
		};
		04765E40220EAB01000AC346 /* PBXContainerItemProxy */ = {
			isa = PBXContainerItemProxy;
			containerPortal = 04765E23220EAAFF000AC346 /* Project object */;
			proxyType = 1;
			remoteGlobalIDString = 04765E2A220EAAFF000AC346;
			remoteInfo = Demo;
		};
		04765E4B220EAB02000AC346 /* PBXContainerItemProxy */ = {
			isa = PBXContainerItemProxy;
			containerPortal = 04765E23220EAAFF000AC346 /* Project object */;
			proxyType = 1;
			remoteGlobalIDString = 04765E2A220EAAFF000AC346;
			remoteInfo = Demo;
		};
/* End PBXContainerItemProxy section */

/* Begin PBXCopyFilesBuildPhase section */
		04765E75220EAE04000AC346 /* Embed Frameworks */ = {
			isa = PBXCopyFilesBuildPhase;
			buildActionMask = 2147483647;
			dstPath = "";
			dstSubfolderSpec = 10;
			files = (
				0416A18A221077AC002DDF4D /* PageMaster.framework in Embed Frameworks */,
			);
			name = "Embed Frameworks";
			runOnlyForDeploymentPostprocessing = 0;
		};
/* End PBXCopyFilesBuildPhase section */

/* Begin PBXFileReference section */
		04765E2B220EAAFF000AC346 /* Demo.app */ = {isa = PBXFileReference; explicitFileType = wrapper.application; includeInIndex = 0; path = Demo.app; sourceTree = BUILT_PRODUCTS_DIR; };
		04765E2E220EAAFF000AC346 /* AppDelegate.swift */ = {isa = PBXFileReference; lastKnownFileType = sourcecode.swift; path = AppDelegate.swift; sourceTree = "<group>"; };
		04765E30220EAAFF000AC346 /* ViewController.swift */ = {isa = PBXFileReference; lastKnownFileType = sourcecode.swift; path = ViewController.swift; sourceTree = "<group>"; };
		04765E33220EAAFF000AC346 /* Base */ = {isa = PBXFileReference; lastKnownFileType = file.storyboard; name = Base; path = Base.lproj/Main.storyboard; sourceTree = "<group>"; };
		04765E35220EAB01000AC346 /* Assets.xcassets */ = {isa = PBXFileReference; lastKnownFileType = folder.assetcatalog; path = Assets.xcassets; sourceTree = "<group>"; };
		04765E38220EAB01000AC346 /* Base */ = {isa = PBXFileReference; lastKnownFileType = file.storyboard; name = Base; path = Base.lproj/LaunchScreen.storyboard; sourceTree = "<group>"; };
		04765E3A220EAB01000AC346 /* Info.plist */ = {isa = PBXFileReference; lastKnownFileType = text.plist.xml; path = Info.plist; sourceTree = "<group>"; };
		04765E3F220EAB01000AC346 /* DemoTests.xctest */ = {isa = PBXFileReference; explicitFileType = wrapper.cfbundle; includeInIndex = 0; path = DemoTests.xctest; sourceTree = BUILT_PRODUCTS_DIR; };
		04765E43220EAB01000AC346 /* DemoTests.swift */ = {isa = PBXFileReference; lastKnownFileType = sourcecode.swift; path = DemoTests.swift; sourceTree = "<group>"; };
		04765E45220EAB01000AC346 /* Info.plist */ = {isa = PBXFileReference; lastKnownFileType = text.plist.xml; path = Info.plist; sourceTree = "<group>"; };
		04765E4A220EAB02000AC346 /* DemoUITests.xctest */ = {isa = PBXFileReference; explicitFileType = wrapper.cfbundle; includeInIndex = 0; path = DemoUITests.xctest; sourceTree = BUILT_PRODUCTS_DIR; };
		04765E4E220EAB02000AC346 /* DemoUITests.swift */ = {isa = PBXFileReference; lastKnownFileType = sourcecode.swift; path = DemoUITests.swift; sourceTree = "<group>"; };
		04765E50220EAB02000AC346 /* Info.plist */ = {isa = PBXFileReference; lastKnownFileType = text.plist.xml; path = Info.plist; sourceTree = "<group>"; };
		04765E65220EAB4B000AC346 /* PageMaster.xcodeproj */ = {isa = PBXFileReference; lastKnownFileType = "wrapper.pb-project"; name = PageMaster.xcodeproj; path = ../PageMaster.xcodeproj; sourceTree = "<group>"; };
		04765E77220EB0CC000AC346 /* UIView+.swift */ = {isa = PBXFileReference; lastKnownFileType = sourcecode.swift; path = "UIView+.swift"; sourceTree = "<group>"; };
/* End PBXFileReference section */

/* Begin PBXFrameworksBuildPhase section */
		04765E28220EAAFF000AC346 /* Frameworks */ = {
			isa = PBXFrameworksBuildPhase;
			buildActionMask = 2147483647;
			files = (
				0416A189221077AC002DDF4D /* PageMaster.framework in Frameworks */,
			);
			runOnlyForDeploymentPostprocessing = 0;
		};
		04765E3C220EAB01000AC346 /* Frameworks */ = {
			isa = PBXFrameworksBuildPhase;
			buildActionMask = 2147483647;
			files = (
			);
			runOnlyForDeploymentPostprocessing = 0;
		};
		04765E47220EAB02000AC346 /* Frameworks */ = {
			isa = PBXFrameworksBuildPhase;
			buildActionMask = 2147483647;
			files = (
			);
			runOnlyForDeploymentPostprocessing = 0;
		};
/* End PBXFrameworksBuildPhase section */

/* Begin PBXGroup section */
		0416A17D22106CB2002DDF4D /* Products */ = {
			isa = PBXGroup;
			children = (
				0416A18222106CB3002DDF4D /* PageMaster.framework */,
				0416A18422106CB3002DDF4D /* PageMasterTests.xctest */,
			);
			name = Products;
			sourceTree = "<group>";
		};
		04765E22220EAAFF000AC346 = {
			isa = PBXGroup;
			children = (
				04765E2D220EAAFF000AC346 /* Demo */,
				04765E42220EAB01000AC346 /* DemoTests */,
				04765E4D220EAB02000AC346 /* DemoUITests */,
				04765E2C220EAAFF000AC346 /* Products */,
				04765E65220EAB4B000AC346 /* PageMaster.xcodeproj */,
			);
			sourceTree = "<group>";
		};
		04765E2C220EAAFF000AC346 /* Products */ = {
			isa = PBXGroup;
			children = (
				04765E2B220EAAFF000AC346 /* Demo.app */,
				04765E3F220EAB01000AC346 /* DemoTests.xctest */,
				04765E4A220EAB02000AC346 /* DemoUITests.xctest */,
			);
			name = Products;
			sourceTree = "<group>";
		};
		04765E2D220EAAFF000AC346 /* Demo */ = {
			isa = PBXGroup;
			children = (
				04765E2E220EAAFF000AC346 /* AppDelegate.swift */,
				04765E30220EAAFF000AC346 /* ViewController.swift */,
				04765E32220EAAFF000AC346 /* Main.storyboard */,
				04765E76220EB0BC000AC346 /* Extension */,
				04765E35220EAB01000AC346 /* Assets.xcassets */,
				04765E37220EAB01000AC346 /* LaunchScreen.storyboard */,
				04765E3A220EAB01000AC346 /* Info.plist */,
			);
			path = Demo;
			sourceTree = "<group>";
		};
		04765E42220EAB01000AC346 /* DemoTests */ = {
			isa = PBXGroup;
			children = (
				04765E43220EAB01000AC346 /* DemoTests.swift */,
				04765E45220EAB01000AC346 /* Info.plist */,
			);
			path = DemoTests;
			sourceTree = "<group>";
		};
		04765E4D220EAB02000AC346 /* DemoUITests */ = {
			isa = PBXGroup;
			children = (
				04765E4E220EAB02000AC346 /* DemoUITests.swift */,
				04765E50220EAB02000AC346 /* Info.plist */,
			);
			path = DemoUITests;
			sourceTree = "<group>";
		};
		04765E76220EB0BC000AC346 /* Extension */ = {
			isa = PBXGroup;
			children = (
				04765E77220EB0CC000AC346 /* UIView+.swift */,
			);
			path = Extension;
			sourceTree = "<group>";
		};
/* End PBXGroup section */

/* Begin PBXNativeTarget section */
		04765E2A220EAAFF000AC346 /* Demo */ = {
			isa = PBXNativeTarget;
			buildConfigurationList = 04765E53220EAB02000AC346 /* Build configuration list for PBXNativeTarget "Demo" */;
			buildPhases = (
				04765E27220EAAFF000AC346 /* Sources */,
				04765E28220EAAFF000AC346 /* Frameworks */,
				04765E29220EAAFF000AC346 /* Resources */,
				04765E75220EAE04000AC346 /* Embed Frameworks */,
			);
			buildRules = (
			);
			dependencies = (
				0416A18C221077AC002DDF4D /* PBXTargetDependency */,
			);
			name = Demo;
			productName = Demo;
			productReference = 04765E2B220EAAFF000AC346 /* Demo.app */;
			productType = "com.apple.product-type.application";
		};
		04765E3E220EAB01000AC346 /* DemoTests */ = {
			isa = PBXNativeTarget;
			buildConfigurationList = 04765E56220EAB02000AC346 /* Build configuration list for PBXNativeTarget "DemoTests" */;
			buildPhases = (
				04765E3B220EAB01000AC346 /* Sources */,
				04765E3C220EAB01000AC346 /* Frameworks */,
				04765E3D220EAB01000AC346 /* Resources */,
			);
			buildRules = (
			);
			dependencies = (
				04765E41220EAB01000AC346 /* PBXTargetDependency */,
			);
			name = DemoTests;
			productName = DemoTests;
			productReference = 04765E3F220EAB01000AC346 /* DemoTests.xctest */;
			productType = "com.apple.product-type.bundle.unit-test";
		};
		04765E49220EAB02000AC346 /* DemoUITests */ = {
			isa = PBXNativeTarget;
			buildConfigurationList = 04765E59220EAB02000AC346 /* Build configuration list for PBXNativeTarget "DemoUITests" */;
			buildPhases = (
				04765E46220EAB02000AC346 /* Sources */,
				04765E47220EAB02000AC346 /* Frameworks */,
				04765E48220EAB02000AC346 /* Resources */,
			);
			buildRules = (
			);
			dependencies = (
				04765E4C220EAB02000AC346 /* PBXTargetDependency */,
			);
			name = DemoUITests;
			productName = DemoUITests;
			productReference = 04765E4A220EAB02000AC346 /* DemoUITests.xctest */;
			productType = "com.apple.product-type.bundle.ui-testing";
		};
/* End PBXNativeTarget section */

/* Begin PBXProject section */
		04765E23220EAAFF000AC346 /* Project object */ = {
			isa = PBXProject;
			attributes = {
				LastSwiftUpdateCheck = 1010;
				LastUpgradeCheck = 1010;
				ORGANIZATIONNAME = TomosukeOkada;
				TargetAttributes = {
					04765E2A220EAAFF000AC346 = {
						CreatedOnToolsVersion = 10.1;
					};
					04765E3E220EAB01000AC346 = {
						CreatedOnToolsVersion = 10.1;
						TestTargetID = 04765E2A220EAAFF000AC346;
					};
					04765E49220EAB02000AC346 = {
						CreatedOnToolsVersion = 10.1;
						TestTargetID = 04765E2A220EAAFF000AC346;
					};
				};
			};
			buildConfigurationList = 04765E26220EAAFF000AC346 /* Build configuration list for PBXProject "Demo" */;
			compatibilityVersion = "Xcode 9.3";
			developmentRegion = en;
			hasScannedForEncodings = 0;
			knownRegions = (
				en,
				Base,
			);
			mainGroup = 04765E22220EAAFF000AC346;
			productRefGroup = 04765E2C220EAAFF000AC346 /* Products */;
			projectDirPath = "";
			projectReferences = (
				{
					ProductGroup = 0416A17D22106CB2002DDF4D /* Products */;
					ProjectRef = 04765E65220EAB4B000AC346 /* PageMaster.xcodeproj */;
				},
			);
			projectRoot = "";
			targets = (
				04765E2A220EAAFF000AC346 /* Demo */,
				04765E3E220EAB01000AC346 /* DemoTests */,
				04765E49220EAB02000AC346 /* DemoUITests */,
			);
		};
/* End PBXProject section */

/* Begin PBXReferenceProxy section */
		0416A18222106CB3002DDF4D /* PageMaster.framework */ = {
			isa = PBXReferenceProxy;
			fileType = wrapper.framework;
			path = PageMaster.framework;
			remoteRef = 0416A18122106CB3002DDF4D /* PBXContainerItemProxy */;
			sourceTree = BUILT_PRODUCTS_DIR;
		};
		0416A18422106CB3002DDF4D /* PageMasterTests.xctest */ = {
			isa = PBXReferenceProxy;
			fileType = wrapper.cfbundle;
			path = PageMasterTests.xctest;
			remoteRef = 0416A18322106CB3002DDF4D /* PBXContainerItemProxy */;
			sourceTree = BUILT_PRODUCTS_DIR;
		};
/* End PBXReferenceProxy section */

/* Begin PBXResourcesBuildPhase section */
		04765E29220EAAFF000AC346 /* Resources */ = {
			isa = PBXResourcesBuildPhase;
			buildActionMask = 2147483647;
			files = (
				04765E39220EAB01000AC346 /* LaunchScreen.storyboard in Resources */,
				04765E36220EAB01000AC346 /* Assets.xcassets in Resources */,
				04765E34220EAAFF000AC346 /* Main.storyboard in Resources */,
			);
			runOnlyForDeploymentPostprocessing = 0;
		};
		04765E3D220EAB01000AC346 /* Resources */ = {
			isa = PBXResourcesBuildPhase;
			buildActionMask = 2147483647;
			files = (
			);
			runOnlyForDeploymentPostprocessing = 0;
		};
		04765E48220EAB02000AC346 /* Resources */ = {
			isa = PBXResourcesBuildPhase;
			buildActionMask = 2147483647;
			files = (
			);
			runOnlyForDeploymentPostprocessing = 0;
		};
/* End PBXResourcesBuildPhase section */

/* Begin PBXSourcesBuildPhase section */
		04765E27220EAAFF000AC346 /* Sources */ = {
			isa = PBXSourcesBuildPhase;
			buildActionMask = 2147483647;
			files = (
				04765E78220EB0CC000AC346 /* UIView+.swift in Sources */,
				04765E31220EAAFF000AC346 /* ViewController.swift in Sources */,
				04765E2F220EAAFF000AC346 /* AppDelegate.swift in Sources */,
			);
			runOnlyForDeploymentPostprocessing = 0;
		};
		04765E3B220EAB01000AC346 /* Sources */ = {
			isa = PBXSourcesBuildPhase;
			buildActionMask = 2147483647;
			files = (
				04765E44220EAB01000AC346 /* DemoTests.swift in Sources */,
			);
			runOnlyForDeploymentPostprocessing = 0;
		};
		04765E46220EAB02000AC346 /* Sources */ = {
			isa = PBXSourcesBuildPhase;
			buildActionMask = 2147483647;
			files = (
				04765E4F220EAB02000AC346 /* DemoUITests.swift in Sources */,
			);
			runOnlyForDeploymentPostprocessing = 0;
		};
/* End PBXSourcesBuildPhase section */

/* Begin PBXTargetDependency section */
		0416A18C221077AC002DDF4D /* PBXTargetDependency */ = {
			isa = PBXTargetDependency;
			name = PageMaster;
			targetProxy = 0416A18B221077AC002DDF4D /* PBXContainerItemProxy */;
		};
		04765E41220EAB01000AC346 /* PBXTargetDependency */ = {
			isa = PBXTargetDependency;
			target = 04765E2A220EAAFF000AC346 /* Demo */;
			targetProxy = 04765E40220EAB01000AC346 /* PBXContainerItemProxy */;
		};
		04765E4C220EAB02000AC346 /* PBXTargetDependency */ = {
			isa = PBXTargetDependency;
			target = 04765E2A220EAAFF000AC346 /* Demo */;
			targetProxy = 04765E4B220EAB02000AC346 /* PBXContainerItemProxy */;
		};
/* End PBXTargetDependency section */

/* Begin PBXVariantGroup section */
		04765E32220EAAFF000AC346 /* Main.storyboard */ = {
			isa = PBXVariantGroup;
			children = (
				04765E33220EAAFF000AC346 /* Base */,
			);
			name = Main.storyboard;
			sourceTree = "<group>";
		};
		04765E37220EAB01000AC346 /* LaunchScreen.storyboard */ = {
			isa = PBXVariantGroup;
			children = (
				04765E38220EAB01000AC346 /* Base */,
			);
			name = LaunchScreen.storyboard;
			sourceTree = "<group>";
		};
/* End PBXVariantGroup section */

/* Begin XCBuildConfiguration section */
		04765E51220EAB02000AC346 /* Debug */ = {
			isa = XCBuildConfiguration;
			buildSettings = {
				ALWAYS_SEARCH_USER_PATHS = NO;
				CLANG_ANALYZER_NONNULL = YES;
				CLANG_ANALYZER_NUMBER_OBJECT_CONVERSION = YES_AGGRESSIVE;
				CLANG_CXX_LANGUAGE_STANDARD = "gnu++14";
				CLANG_CXX_LIBRARY = "libc++";
				CLANG_ENABLE_MODULES = YES;
				CLANG_ENABLE_OBJC_ARC = YES;
				CLANG_ENABLE_OBJC_WEAK = YES;
				CLANG_WARN_BLOCK_CAPTURE_AUTORELEASING = YES;
				CLANG_WARN_BOOL_CONVERSION = YES;
				CLANG_WARN_COMMA = YES;
				CLANG_WARN_CONSTANT_CONVERSION = YES;
				CLANG_WARN_DEPRECATED_OBJC_IMPLEMENTATIONS = YES;
				CLANG_WARN_DIRECT_OBJC_ISA_USAGE = YES_ERROR;
				CLANG_WARN_DOCUMENTATION_COMMENTS = YES;
				CLANG_WARN_EMPTY_BODY = YES;
				CLANG_WARN_ENUM_CONVERSION = YES;
				CLANG_WARN_INFINITE_RECURSION = YES;
				CLANG_WARN_INT_CONVERSION = YES;
				CLANG_WARN_NON_LITERAL_NULL_CONVERSION = YES;
				CLANG_WARN_OBJC_IMPLICIT_RETAIN_SELF = YES;
				CLANG_WARN_OBJC_LITERAL_CONVERSION = YES;
				CLANG_WARN_OBJC_ROOT_CLASS = YES_ERROR;
				CLANG_WARN_RANGE_LOOP_ANALYSIS = YES;
				CLANG_WARN_STRICT_PROTOTYPES = YES;
				CLANG_WARN_SUSPICIOUS_MOVE = YES;
				CLANG_WARN_UNGUARDED_AVAILABILITY = YES_AGGRESSIVE;
				CLANG_WARN_UNREACHABLE_CODE = YES;
				CLANG_WARN__DUPLICATE_METHOD_MATCH = YES;
				CODE_SIGN_IDENTITY = "iPhone Developer";
				COPY_PHASE_STRIP = NO;
				DEBUG_INFORMATION_FORMAT = dwarf;
				ENABLE_STRICT_OBJC_MSGSEND = YES;
				ENABLE_TESTABILITY = YES;
				GCC_C_LANGUAGE_STANDARD = gnu11;
				GCC_DYNAMIC_NO_PIC = NO;
				GCC_NO_COMMON_BLOCKS = YES;
				GCC_OPTIMIZATION_LEVEL = 0;
				GCC_PREPROCESSOR_DEFINITIONS = (
					"DEBUG=1",
					"$(inherited)",
				);
				GCC_WARN_64_TO_32_BIT_CONVERSION = YES;
				GCC_WARN_ABOUT_RETURN_TYPE = YES_ERROR;
				GCC_WARN_UNDECLARED_SELECTOR = YES;
				GCC_WARN_UNINITIALIZED_AUTOS = YES_AGGRESSIVE;
				GCC_WARN_UNUSED_FUNCTION = YES;
				GCC_WARN_UNUSED_VARIABLE = YES;
				IPHONEOS_DEPLOYMENT_TARGET = 8.0;
				MTL_ENABLE_DEBUG_INFO = INCLUDE_SOURCE;
				MTL_FAST_MATH = YES;
				ONLY_ACTIVE_ARCH = YES;
				SDKROOT = iphoneos;
				SWIFT_ACTIVE_COMPILATION_CONDITIONS = DEBUG;
				SWIFT_OPTIMIZATION_LEVEL = "-Onone";
			};
			name = Debug;
		};
		04765E52220EAB02000AC346 /* Release */ = {
			isa = XCBuildConfiguration;
			buildSettings = {
				ALWAYS_SEARCH_USER_PATHS = NO;
				CLANG_ANALYZER_NONNULL = YES;
				CLANG_ANALYZER_NUMBER_OBJECT_CONVERSION = YES_AGGRESSIVE;
				CLANG_CXX_LANGUAGE_STANDARD = "gnu++14";
				CLANG_CXX_LIBRARY = "libc++";
				CLANG_ENABLE_MODULES = YES;
				CLANG_ENABLE_OBJC_ARC = YES;
				CLANG_ENABLE_OBJC_WEAK = YES;
				CLANG_WARN_BLOCK_CAPTURE_AUTORELEASING = YES;
				CLANG_WARN_BOOL_CONVERSION = YES;
				CLANG_WARN_COMMA = YES;
				CLANG_WARN_CONSTANT_CONVERSION = YES;
				CLANG_WARN_DEPRECATED_OBJC_IMPLEMENTATIONS = YES;
				CLANG_WARN_DIRECT_OBJC_ISA_USAGE = YES_ERROR;
				CLANG_WARN_DOCUMENTATION_COMMENTS = YES;
				CLANG_WARN_EMPTY_BODY = YES;
				CLANG_WARN_ENUM_CONVERSION = YES;
				CLANG_WARN_INFINITE_RECURSION = YES;
				CLANG_WARN_INT_CONVERSION = YES;
				CLANG_WARN_NON_LITERAL_NULL_CONVERSION = YES;
				CLANG_WARN_OBJC_IMPLICIT_RETAIN_SELF = YES;
				CLANG_WARN_OBJC_LITERAL_CONVERSION = YES;
				CLANG_WARN_OBJC_ROOT_CLASS = YES_ERROR;
				CLANG_WARN_RANGE_LOOP_ANALYSIS = YES;
				CLANG_WARN_STRICT_PROTOTYPES = YES;
				CLANG_WARN_SUSPICIOUS_MOVE = YES;
				CLANG_WARN_UNGUARDED_AVAILABILITY = YES_AGGRESSIVE;
				CLANG_WARN_UNREACHABLE_CODE = YES;
				CLANG_WARN__DUPLICATE_METHOD_MATCH = YES;
				CODE_SIGN_IDENTITY = "iPhone Developer";
				COPY_PHASE_STRIP = NO;
				DEBUG_INFORMATION_FORMAT = "dwarf-with-dsym";
				ENABLE_NS_ASSERTIONS = NO;
				ENABLE_STRICT_OBJC_MSGSEND = YES;
				GCC_C_LANGUAGE_STANDARD = gnu11;
				GCC_NO_COMMON_BLOCKS = YES;
				GCC_WARN_64_TO_32_BIT_CONVERSION = YES;
				GCC_WARN_ABOUT_RETURN_TYPE = YES_ERROR;
				GCC_WARN_UNDECLARED_SELECTOR = YES;
				GCC_WARN_UNINITIALIZED_AUTOS = YES_AGGRESSIVE;
				GCC_WARN_UNUSED_FUNCTION = YES;
				GCC_WARN_UNUSED_VARIABLE = YES;
				IPHONEOS_DEPLOYMENT_TARGET = 8.0;
				MTL_ENABLE_DEBUG_INFO = NO;
				MTL_FAST_MATH = YES;
				SDKROOT = iphoneos;
				SWIFT_COMPILATION_MODE = wholemodule;
				SWIFT_OPTIMIZATION_LEVEL = "-O";
				VALIDATE_PRODUCT = YES;
			};
			name = Release;
		};
		04765E54220EAB02000AC346 /* Debug */ = {
			isa = XCBuildConfiguration;
			buildSettings = {
				ALWAYS_EMBED_SWIFT_STANDARD_LIBRARIES = YES;
				ASSETCATALOG_COMPILER_APPICON_NAME = AppIcon;
				CODE_SIGN_IDENTITY = "iPhone Developer";
				CODE_SIGN_STYLE = Automatic;
				DEVELOPMENT_TEAM = NG4PAUE398;
				INFOPLIST_FILE = Demo/Info.plist;
				LD_RUNPATH_SEARCH_PATHS = (
					"$(inherited)",
					"@executable_path/Frameworks",
				);
				PRODUCT_BUNDLE_IDENTIFIER = PageMasterDemoApplication;
				PRODUCT_NAME = "$(TARGET_NAME)";
				PROVISIONING_PROFILE_SPECIFIER = "";
				SWIFT_VERSION = 4.2;
				TARGETED_DEVICE_FAMILY = "1,2";
			};
			name = Debug;
		};
		04765E55220EAB02000AC346 /* Release */ = {
			isa = XCBuildConfiguration;
			buildSettings = {
				ALWAYS_EMBED_SWIFT_STANDARD_LIBRARIES = YES;
				ASSETCATALOG_COMPILER_APPICON_NAME = AppIcon;
				CODE_SIGN_IDENTITY = "iPhone Developer";
				CODE_SIGN_STYLE = Automatic;
				DEVELOPMENT_TEAM = NG4PAUE398;
				INFOPLIST_FILE = Demo/Info.plist;
				LD_RUNPATH_SEARCH_PATHS = (
					"$(inherited)",
					"@executable_path/Frameworks",
				);
				PRODUCT_BUNDLE_IDENTIFIER = PageMasterDemoApplication;
				PRODUCT_NAME = "$(TARGET_NAME)";
				PROVISIONING_PROFILE_SPECIFIER = "";
				SWIFT_VERSION = 4.2;
				TARGETED_DEVICE_FAMILY = "1,2";
			};
			name = Release;
		};
		04765E57220EAB02000AC346 /* Debug */ = {
			isa = XCBuildConfiguration;
			buildSettings = {
				ALWAYS_EMBED_SWIFT_STANDARD_LIBRARIES = YES;
				BUNDLE_LOADER = "$(TEST_HOST)";
				CODE_SIGN_STYLE = Automatic;
				INFOPLIST_FILE = DemoTests/Info.plist;
				LD_RUNPATH_SEARCH_PATHS = (
					"$(inherited)",
					"@executable_path/Frameworks",
					"@loader_path/Frameworks",
				);
				PRODUCT_BUNDLE_IDENTIFIER = TomosukeOkada.DemoTests;
				PRODUCT_NAME = "$(TARGET_NAME)";
				SWIFT_VERSION = 4.2;
				TARGETED_DEVICE_FAMILY = "1,2";
				TEST_HOST = "$(BUILT_PRODUCTS_DIR)/Demo.app/Demo";
			};
			name = Debug;
		};
		04765E58220EAB02000AC346 /* Release */ = {
			isa = XCBuildConfiguration;
			buildSettings = {
				ALWAYS_EMBED_SWIFT_STANDARD_LIBRARIES = YES;
				BUNDLE_LOADER = "$(TEST_HOST)";
				CODE_SIGN_STYLE = Automatic;
				INFOPLIST_FILE = DemoTests/Info.plist;
				LD_RUNPATH_SEARCH_PATHS = (
					"$(inherited)",
					"@executable_path/Frameworks",
					"@loader_path/Frameworks",
				);
				PRODUCT_BUNDLE_IDENTIFIER = TomosukeOkada.DemoTests;
				PRODUCT_NAME = "$(TARGET_NAME)";
				SWIFT_VERSION = 4.2;
				TARGETED_DEVICE_FAMILY = "1,2";
				TEST_HOST = "$(BUILT_PRODUCTS_DIR)/Demo.app/Demo";
			};
			name = Release;
		};
		04765E5A220EAB02000AC346 /* Debug */ = {
			isa = XCBuildConfiguration;
			buildSettings = {
				ALWAYS_EMBED_SWIFT_STANDARD_LIBRARIES = YES;
				CODE_SIGN_STYLE = Automatic;
				INFOPLIST_FILE = DemoUITests/Info.plist;
				LD_RUNPATH_SEARCH_PATHS = (
					"$(inherited)",
					"@executable_path/Frameworks",
					"@loader_path/Frameworks",
				);
				PRODUCT_BUNDLE_IDENTIFIER = TomosukeOkada.DemoUITests;
				PRODUCT_NAME = "$(TARGET_NAME)";
				SWIFT_VERSION = 4.2;
				TARGETED_DEVICE_FAMILY = "1,2";
				TEST_TARGET_NAME = Demo;
			};
			name = Debug;
		};
		04765E5B220EAB02000AC346 /* Release */ = {
			isa = XCBuildConfiguration;
			buildSettings = {
				ALWAYS_EMBED_SWIFT_STANDARD_LIBRARIES = YES;
				CODE_SIGN_STYLE = Automatic;
				INFOPLIST_FILE = DemoUITests/Info.plist;
				LD_RUNPATH_SEARCH_PATHS = (
					"$(inherited)",
					"@executable_path/Frameworks",
					"@loader_path/Frameworks",
				);
				PRODUCT_BUNDLE_IDENTIFIER = TomosukeOkada.DemoUITests;
				PRODUCT_NAME = "$(TARGET_NAME)";
				SWIFT_VERSION = 4.2;
				TARGETED_DEVICE_FAMILY = "1,2";
				TEST_TARGET_NAME = Demo;
			};
			name = Release;
		};
/* End XCBuildConfiguration section */

/* Begin XCConfigurationList section */
		04765E26220EAAFF000AC346 /* Build configuration list for PBXProject "Demo" */ = {
			isa = XCConfigurationList;
			buildConfigurations = (
				04765E51220EAB02000AC346 /* Debug */,
				04765E52220EAB02000AC346 /* Release */,
			);
			defaultConfigurationIsVisible = 0;
			defaultConfigurationName = Release;
		};
		04765E53220EAB02000AC346 /* Build configuration list for PBXNativeTarget "Demo" */ = {
			isa = XCConfigurationList;
			buildConfigurations = (
				04765E54220EAB02000AC346 /* Debug */,
				04765E55220EAB02000AC346 /* Release */,
			);
			defaultConfigurationIsVisible = 0;
			defaultConfigurationName = Release;
		};
		04765E56220EAB02000AC346 /* Build configuration list for PBXNativeTarget "DemoTests" */ = {
			isa = XCConfigurationList;
			buildConfigurations = (
				04765E57220EAB02000AC346 /* Debug */,
				04765E58220EAB02000AC346 /* Release */,
			);
			defaultConfigurationIsVisible = 0;
			defaultConfigurationName = Release;
		};
		04765E59220EAB02000AC346 /* Build configuration list for PBXNativeTarget "DemoUITests" */ = {
			isa = XCConfigurationList;
			buildConfigurations = (
				04765E5A220EAB02000AC346 /* Debug */,
				04765E5B220EAB02000AC346 /* Release */,
			);
			defaultConfigurationIsVisible = 0;
			defaultConfigurationName = Release;
		};
/* End XCConfigurationList section */
	};
	rootObject = 04765E23220EAAFF000AC346 /* Project object */;
}
